version = 1
revision = 1
requires-python = ">=3.11"

[[package]]
name = "cudensitymat-cu12"
version = "0.1.0"
source = { registry = "https://pypi.org/simple" }
dependencies = [
    { name = "cutensor-cu12" },
]
wheels = [
    { url = "https://files.pythonhosted.org/packages/cb/39/eee627728e5a7f9c058c459ee51379665a087fc8cc8455a32806953ff241/cudensitymat_cu12-0.1.0-py3-none-manylinux2014_aarch64.whl", hash = "sha256:f1dc6e9365ec7d8dcdd3782cc07ac526edf1344b1e6e23bb95e77a37fc1b5648", size = 4020541 },
    { url = "https://files.pythonhosted.org/packages/01/5f/e2882162cc4172157d9042d215b6c37aa1ceee0623f30fadbe69da66adcb/cudensitymat_cu12-0.1.0-py3-none-manylinux2014_x86_64.whl", hash = "sha256:e2d9ccbb712329959ea14cb86572d4ee4ccc1f32f29ccd2386340b4393f34f49", size = 4028303 },
]

[[package]]
name = "cuquantum-cu12"
version = "25.3.0"
source = { registry = "https://pypi.org/simple" }
dependencies = [
    { name = "cudensitymat-cu12" },
    { name = "custatevec-cu12" },
    { name = "cutensornet-cu12" },
]
wheels = [
    { url = "https://files.pythonhosted.org/packages/69/b1/7f16a82234ba31ed4f2699ce1bb889718fffb27cc3ff0f95e7be3393f9f8/cuquantum_cu12-25.3.0-py3-none-manylinux2014_aarch64.whl", hash = "sha256:9e604fadc38355278aec2fefe6777c2771444b1bd2c3baba8ec362831ee7a739", size = 7237 },
    { url = "https://files.pythonhosted.org/packages/ea/7b/20a77d102562a407bd9f8c9557b0ffec9d6e3e41ecbebc5c27dc683b0326/cuquantum_cu12-25.3.0-py3-none-manylinux2014_x86_64.whl", hash = "sha256:2d7bef6330546e48d9e3a874aae420339361f9fe6f4d9cd683a5c698116f08aa", size = 7237 },
]

[[package]]
name = "custatevec-cu12"
version = "1.8.0"
source = { registry = "https://pypi.org/simple" }
wheels = [
    { url = "https://files.pythonhosted.org/packages/db/40/a0e17df2d625a02af5387b4850bb46db555545e5d4352ec75046f76440ae/custatevec_cu12-1.8.0-py3-none-manylinux2014_aarch64.whl", hash = "sha256:4b69508c1bd4f5b91f381d3f4590613ef53559078fb0543f230c5fe3011d6fbb", size = 44339742 },
    { url = "https://files.pythonhosted.org/packages/c9/a1/7fbe7b4ca47ed7356973c047e043f3ae272e02389feadc3a50dcf32c8adc/custatevec_cu12-1.8.0-py3-none-manylinux2014_x86_64.whl", hash = "sha256:9ff2db7f3355c9fb3d643dcf6bf9bfdebc6a7f0b1d284742039148f33c43913d", size = 44301072 },
]

[[package]]
name = "cutensor-cu12"
version = "2.2.0"
source = { registry = "https://pypi.org/simple" }
wheels = [
    { url = "https://files.pythonhosted.org/packages/8f/c1/861f5084c545bf7ad04c7509f8f6a30530ff6d262ceffb3ba248ba88c4d2/cutensor_cu12-2.2.0-py3-none-manylinux2014_aarch64.whl", hash = "sha256:3b4faf4a036b8b178cb15305e37f9e3263339fc3272c117c568805ce04d39f3e", size = 202207555 },
    { url = "https://files.pythonhosted.org/packages/ae/88/16b2528417dc017f3e950f02e4c6f4123cdc1940cae4f2edfd1bfd828e35/cutensor_cu12-2.2.0-py3-none-manylinux2014_x86_64.whl", hash = "sha256:ecec61eac87a903e74b069dc86e53a273c60f496fd6b7c2203fbc110c8b4819d", size = 202265559 },
    { url = "https://files.pythonhosted.org/packages/8d/93/3c6fce7353f20bdf8f760b16d3f180a160ccd2025242d78918d9d704d5fa/cutensor_cu12-2.2.0-py3-none-win_amd64.whl", hash = "sha256:445464d39e25d1e67761694a676c21694c37b668a3e7e23df760150957318f91", size = 182788564 },
]

[[package]]
name = "cutensornet-cu12"
version = "2.7.0"
source = { registry = "https://pypi.org/simple" }
dependencies = [
    { name = "cutensor-cu12" },
]
wheels = [
    { url = "https://files.pythonhosted.org/packages/b9/0d/851ab8543cc33154f8e56d7bca32c0a5782a0cbbed1931090e56dc92a45d/cutensornet_cu12-2.7.0-py3-none-manylinux2014_aarch64.whl", hash = "sha256:41d16f9b8551757dc95cfad31e9b06bf902772c3c4dd5fed75b3ac18f67152e8", size = 2574838 },
    { url = "https://files.pythonhosted.org/packages/29/5f/f3db7d8aa98526f5464f98213f890694cdefb831d5c785d02aa7d66f5bf1/cutensornet_cu12-2.7.0-py3-none-manylinux2014_x86_64.whl", hash = "sha256:ad8e15e0423e1cf2814abbd2d81f63264e064229107f0830db093f2c6c986396", size = 2635186 },
]

[[package]]
name = "networkx"
version = "3.2.1"
source = { registry = "https://pypi.org/simple" }
sdist = { url = "https://files.pythonhosted.org/packages/c4/80/a84676339aaae2f1cfdf9f418701dd634aef9cc76f708ef55c36ff39c3ca/networkx-3.2.1.tar.gz", hash = "sha256:9f1bb5cf3409bf324e0a722c20bdb4c20ee39bf1c30ce8ae499c8502b0b5e0c6", size = 2073928 }
wheels = [
    { url = "https://files.pythonhosted.org/packages/d5/f0/8fbc882ca80cf077f1b246c0e3c3465f7f415439bdea6b899f6b19f61f70/networkx-3.2.1-py3-none-any.whl", hash = "sha256:f18c69adc97877c42332c170849c96cefa91881c99a7cb3e95b7c659ebdc1ec2", size = 1647772 },
]

[[package]]
name = "numpy"
version = "1.26.4"
source = { registry = "https://pypi.org/simple" }
sdist = { url = "https://files.pythonhosted.org/packages/65/6e/09db70a523a96d25e115e71cc56a6f9031e7b8cd166c1ac8438307c14058/numpy-1.26.4.tar.gz", hash = "sha256:2a02aba9ed12e4ac4eb3ea9421c420301a0c6460d9830d74a9df87efa4912010", size = 15786129 }
wheels = [
    { url = "https://files.pythonhosted.org/packages/11/57/baae43d14fe163fa0e4c47f307b6b2511ab8d7d30177c491960504252053/numpy-1.26.4-cp311-cp311-macosx_10_9_x86_64.whl", hash = "sha256:4c66707fabe114439db9068ee468c26bbdf909cac0fb58686a42a24de1760c71", size = 20630554 },
    { url = "https://files.pythonhosted.org/packages/1a/2e/151484f49fd03944c4a3ad9c418ed193cfd02724e138ac8a9505d056c582/numpy-1.26.4-cp311-cp311-macosx_11_0_arm64.whl", hash = "sha256:edd8b5fe47dab091176d21bb6de568acdd906d1887a4584a15a9a96a1dca06ef", size = 13997127 },
    { url = "https://files.pythonhosted.org/packages/79/ae/7e5b85136806f9dadf4878bf73cf223fe5c2636818ba3ab1c585d0403164/numpy-1.26.4-cp311-cp311-manylinux_2_17_aarch64.manylinux2014_aarch64.whl", hash = "sha256:7ab55401287bfec946ced39700c053796e7cc0e3acbef09993a9ad2adba6ca6e", size = 14222994 },
    { url = "https://files.pythonhosted.org/packages/3a/d0/edc009c27b406c4f9cbc79274d6e46d634d139075492ad055e3d68445925/numpy-1.26.4-cp311-cp311-manylinux_2_17_x86_64.manylinux2014_x86_64.whl", hash = "sha256:666dbfb6ec68962c033a450943ded891bed2d54e6755e35e5835d63f4f6931d5", size = 18252005 },
    { url = "https://files.pythonhosted.org/packages/09/bf/2b1aaf8f525f2923ff6cfcf134ae5e750e279ac65ebf386c75a0cf6da06a/numpy-1.26.4-cp311-cp311-musllinux_1_1_aarch64.whl", hash = "sha256:96ff0b2ad353d8f990b63294c8986f1ec3cb19d749234014f4e7eb0112ceba5a", size = 13885297 },
    { url = "https://files.pythonhosted.org/packages/df/a0/4e0f14d847cfc2a633a1c8621d00724f3206cfeddeb66d35698c4e2cf3d2/numpy-1.26.4-cp311-cp311-musllinux_1_1_x86_64.whl", hash = "sha256:60dedbb91afcbfdc9bc0b1f3f402804070deed7392c23eb7a7f07fa857868e8a", size = 18093567 },
    { url = "https://files.pythonhosted.org/packages/d2/b7/a734c733286e10a7f1a8ad1ae8c90f2d33bf604a96548e0a4a3a6739b468/numpy-1.26.4-cp311-cp311-win32.whl", hash = "sha256:1af303d6b2210eb850fcf03064d364652b7120803a0b872f5211f5234b399f20", size = 5968812 },
    { url = "https://files.pythonhosted.org/packages/3f/6b/5610004206cf7f8e7ad91c5a85a8c71b2f2f8051a0c0c4d5916b76d6cbb2/numpy-1.26.4-cp311-cp311-win_amd64.whl", hash = "sha256:cd25bcecc4974d09257ffcd1f098ee778f7834c3ad767fe5db785be9a4aa9cb2", size = 15811913 },
    { url = "https://files.pythonhosted.org/packages/95/12/8f2020a8e8b8383ac0177dc9570aad031a3beb12e38847f7129bacd96228/numpy-1.26.4-cp312-cp312-macosx_10_9_x86_64.whl", hash = "sha256:b3ce300f3644fb06443ee2222c2201dd3a89ea6040541412b8fa189341847218", size = 20335901 },
    { url = "https://files.pythonhosted.org/packages/75/5b/ca6c8bd14007e5ca171c7c03102d17b4f4e0ceb53957e8c44343a9546dcc/numpy-1.26.4-cp312-cp312-macosx_11_0_arm64.whl", hash = "sha256:03a8c78d01d9781b28a6989f6fa1bb2c4f2d51201cf99d3dd875df6fbd96b23b", size = 13685868 },
    { url = "https://files.pythonhosted.org/packages/79/f8/97f10e6755e2a7d027ca783f63044d5b1bc1ae7acb12afe6a9b4286eac17/numpy-1.26.4-cp312-cp312-manylinux_2_17_aarch64.manylinux2014_aarch64.whl", hash = "sha256:9fad7dcb1aac3c7f0584a5a8133e3a43eeb2fe127f47e3632d43d677c66c102b", size = 13925109 },
    { url = "https://files.pythonhosted.org/packages/0f/50/de23fde84e45f5c4fda2488c759b69990fd4512387a8632860f3ac9cd225/numpy-1.26.4-cp312-cp312-manylinux_2_17_x86_64.manylinux2014_x86_64.whl", hash = "sha256:675d61ffbfa78604709862923189bad94014bef562cc35cf61d3a07bba02a7ed", size = 17950613 },
    { url = "https://files.pythonhosted.org/packages/4c/0c/9c603826b6465e82591e05ca230dfc13376da512b25ccd0894709b054ed0/numpy-1.26.4-cp312-cp312-musllinux_1_1_aarch64.whl", hash = "sha256:ab47dbe5cc8210f55aa58e4805fe224dac469cde56b9f731a4c098b91917159a", size = 13572172 },
    { url = "https://files.pythonhosted.org/packages/76/8c/2ba3902e1a0fc1c74962ea9bb33a534bb05984ad7ff9515bf8d07527cadd/numpy-1.26.4-cp312-cp312-musllinux_1_1_x86_64.whl", hash = "sha256:1dda2e7b4ec9dd512f84935c5f126c8bd8b9f2fc001e9f54af255e8c5f16b0e0", size = 17786643 },
    { url = "https://files.pythonhosted.org/packages/28/4a/46d9e65106879492374999e76eb85f87b15328e06bd1550668f79f7b18c6/numpy-1.26.4-cp312-cp312-win32.whl", hash = "sha256:50193e430acfc1346175fcbdaa28ffec49947a06918b7b92130744e81e640110", size = 5677803 },
    { url = "https://files.pythonhosted.org/packages/16/2e/86f24451c2d530c88daf997cb8d6ac622c1d40d19f5a031ed68a4b73a374/numpy-1.26.4-cp312-cp312-win_amd64.whl", hash = "sha256:08beddf13648eb95f8d867350f6a018a4be2e5ad54c8d8caed89ebca558b2818", size = 15517754 },
]

[[package]]
name = "pyaqaoa"
source = { editable = "." }
dependencies = [
    { name = "cuquantum-cu12" },
    { name = "numpy" },
]

[package.dev-dependencies]
dev = [
    { name = "networkx" },
]

[package.metadata]
requires-dist = [
    { name = "cuquantum-cu12", specifier = "==25.3.0" },
    { name = "numpy", specifier = "==1.26.4" },
]

[package.metadata.requires-dev]
dev = [{ name = "networkx", specifier = "==3.2.1" }]
